
Microsoft Visual Studio Solution File, Format Version 12.00
# Visual Studio Version 17
VisualStudioVersion = 17.0.31903.59
MinimumVisualStudioVersion = 10.0.40219.1
Project("{FAE04EC0-301F-11D3-BF4B-00C04F79EFBC}") = "Spider8DAQ.Core", "Spider8DAQ.Core\Spider8DAQ.Core.csproj", "{1449A26D-7BD6-438A-9BD8-29B4356350F1}"
EndProject
Project("{FAE04EC0-301F-11D3-BF4B-00C04F79EFBC}") = "Spider8DAQ.Hardware", "Spider8DAQ.Hardware\Spider8DAQ.Hardware.csproj", "{FBE31BC8-6F50-4A63-B5EB-FB02E88DD60C}"
EndProject
Project("{FAE04EC0-301F-11D3-BF4B-00C04F79EFBC}") = "Spider8DAQ.App", "Spider8DAQ.App\Spider8DAQ.App.csproj", "{1BCD2249-8CCF-4A48-A8A1-B05678C6A502}"
EndProject
Project("{FAE04EC0-301F-11D3-BF4B-00C04F79EFBC}") = "LicenseGen", "tools\LicenseGen\LicenseGen.csproj", "{A11C0011-11CE-4000-9F00-00ABCDEF0123}"
EndProject
Project("{FAE04EC0-301F-11D3-BF4B-00C04F79EFBC}") = "Spider8DAQ.Core.Tests", "Spider8DAQ.Core.Tests\Spider8DAQ.Core.Tests.csproj", "{B22C0011-22CE-4000-9F00-11ABCDEF0456}"
EndProject
Project("{FAE04EC0-301F-11D3-BF4B-00C04F79EFBC}") = "UPETAcqLab.LicenseApi", "UPETAcqLab.LicenseApi\UPETAcqLab.LicenseApi.csproj", "{C33D0011-33CE-4000-AF00-22ABCDEF0789}"
EndProject
Project("{FAE04EC0-301F-11D3-BF4B-00C04F79EFBC}") = "UPETAcqLab.Admin", "UPETAcqLab.Admin\UPETAcqLab.Admin.csproj", "{D44E0011-44CE-4000-BF00-33ABCDEF0ABC}"
EndProject
Global
	GlobalSection(SolutionConfigurationPlatforms) = preSolution
		Debug|Any CPU = Debug|Any CPU
		Release|Any CPU = Release|Any CPU
	EndGlobalSection
	GlobalSection(SolutionProperties) = preSolution
		HideSolutionNode = FALSE
	EndGlobalSection
	GlobalSection(ProjectConfigurationPlatforms) = postSolution
		{1449A26D-7BD6-438A-9BD8-29B4356350F1}.Debug|Any CPU.ActiveCfg = Debug|Any CPU
		{1449A26D-7BD6-438A-9BD8-29B4356350F1}.Debug|Any CPU.Build.0 = Debug|Any CPU
		{1449A26D-7BD6-438A-9BD8-29B4356350F1}.Release|Any CPU.ActiveCfg = Release|Any CPU
		{1449A26D-7BD6-438A-9BD8-29B4356350F1}.Release|Any CPU.Build.0 = Release|Any CPU
		{FBE31BC8-6F50-4A63-B5EB-FB02E88DD60C}.Debug|Any CPU.ActiveCfg = Debug|Any CPU
		{FBE31BC8-6F50-4A63-B5EB-FB02E88DD60C}.Debug|Any CPU.Build.0 = Debug|Any CPU
		{FBE31BC8-6F50-4A63-B5EB-FB02E88DD60C}.Release|Any CPU.ActiveCfg = Release|Any CPU
		{FBE31BC8-6F50-4A63-B5EB-FB02E88DD60C}.Release|Any CPU.Build.0 = Release|Any CPU
		{1BCD2249-8CCF-4A48-A8A1-B05678C6A502}.Debug|Any CPU.ActiveCfg = Debug|Any CPU
		{1BCD2249-8CCF-4A48-A8A1-B05678C6A502}.Debug|Any CPU.Build.0 = Debug|Any CPU
		{1BCD2249-8CCF-4A48-A8A1-B05678C6A502}.Release|Any CPU.ActiveCfg = Release|Any CPU
		{1BCD2249-8CCF-4A48-A8A1-B05678C6A502}.Release|Any CPU.Build.0 = Release|Any CPU
		{A11C0011-11CE-4000-9F00-00ABCDEF0123}.Debug|Any CPU.ActiveCfg = Debug|Any CPU
		{A11C0011-11CE-4000-9F00-00ABCDEF0123}.Debug|Any CPU.Build.0 = Debug|Any CPU
		{A11C0011-11CE-4000-9F00-00ABCDEF0123}.Release|Any CPU.ActiveCfg = Release|Any CPU
		{A11C0011-11CE-4000-9F00-00ABCDEF0123}.Release|Any CPU.Build.0 = Release|Any CPU
		{B22C0011-22CE-4000-9F00-11ABCDEF0456}.Debug|Any CPU.ActiveCfg = Debug|Any CPU
		{B22C0011-22CE-4000-9F00-11ABCDEF0456}.Debug|Any CPU.Build.0 = Debug|Any CPU
		{B22C0011-22CE-4000-9F00-11ABCDEF0456}.Release|Any CPU.ActiveCfg = Release|Any CPU
		{B22C0011-22CE-4000-9F00-11ABCDEF0456}.Release|Any CPU.Build.0 = Release|Any CPU
		{C33D0011-33CE-4000-AF00-22ABCDEF0789}.Debug|Any CPU.ActiveCfg = Debug|Any CPU
		{C33D0011-33CE-4000-AF00-22ABCDEF0789}.Debug|Any CPU.Build.0 = Debug|Any CPU
		{C33D0011-33CE-4000-AF00-22ABCDEF0789}.Release|Any CPU.ActiveCfg = Release|Any CPU
		{C33D0011-33CE-4000-AF00-22ABCDEF0789}.Release|Any CPU.Build.0 = Release|Any CPU
		{D44E0011-44CE-4000-BF00-33ABCDEF0ABC}.Debug|Any CPU.ActiveCfg = Debug|Any CPU
		{D44E0011-44CE-4000-BF00-33ABCDEF0ABC}.Debug|Any CPU.Build.0 = Debug|Any CPU
		{D44E0011-44CE-4000-BF00-33ABCDEF0ABC}.Release|Any CPU.ActiveCfg = Release|Any CPU
		{D44E0011-44CE-4000-BF00-33ABCDEF0ABC}.Release|Any CPU.Build.0 = Release|Any CPU
	EndGlobalSection
EndGlobal
